{
    "name": "angular2gridster",
    "lockfileVersion": 2,
    "requires": true,
    "packages": {
        "": {
            "name": "angular2gridster",
            "dependencies": {
                "tslib": "^2.3.1"
            },
            "peerDependencies": {
                "@angular/common": "^20.3.7",
                "@angular/core": "^20.3.7"
            }
        },
        "node_modules/@angular/common": {
            "version": "20.3.7",
            "resolved": "https://registry.npmjs.org/@angular/common/-/common-20.3.7.tgz",
            "integrity": "sha512-uf8dXYTJbedk/wudkt2MfbtvN/T97aEZBtOTq8/IFQQZ3722rag6D+Cg76e5hBccROOn+ueGJX2gpxz02phTwA==",
            "license": "MIT",
            "peer": true,
            "dependencies": {
                "tslib": "^2.3.0"
            },
            "engines": {
                "node": "^20.19.0 || ^22.12.0 || >=24.0.0"
            },
            "peerDependencies": {
                "@angular/core": "20.3.7",
                "rxjs": "^6.5.3 || ^7.4.0"
            }
        },
        "node_modules/@angular/core": {
            "version": "20.3.7",
            "resolved": "https://registry.npmjs.org/@angular/core/-/core-20.3.7.tgz",
            "integrity": "sha512-2UuYzC2A5SUtu33tYTN411Wk0WilA+2Uld/GP3O6mragw1O7v/M8pMFmbe9TR5Ah/abRJIocWGlNqeztZmQmrw==",
            "license": "MIT",
            "peer": true,
            "dependencies": {
                "tslib": "^2.3.0"
            },
            "engines": {
                "node": "^20.19.0 || ^22.12.0 || >=24.0.0"
            },
            "peerDependencies": {
                "@angular/compiler": "20.3.7",
                "rxjs": "^6.5.3 || ^7.4.0",
                "zone.js": "~0.15.0"
            },
            "peerDependenciesMeta": {
                "@angular/compiler": {
                    "optional": true
                },
                "zone.js": {
                    "optional": true
                }
            }
        },
        "node_modules/rxjs": {
            "version": "7.8.2",
            "resolved": "https://registry.npmjs.org/rxjs/-/rxjs-7.8.2.tgz",
            "integrity": "sha512-dhKf903U/PQZY6boNNtAGdWbG85WAbjT/1xYoZIC7FAY0yWapOBQVsVrDl58W86//e1VpMNBtRV4MaXfdMySFA==",
            "license": "Apache-2.0",
            "peer": true,
            "dependencies": {
                "tslib": "^2.1.0"
            }
        },
        "node_modules/tslib": {
            "version": "2.3.1",
            "resolved": "https://registry.npmjs.org/tslib/-/tslib-2.3.1.tgz",
            "integrity": "sha512-77EbyPPpMz+FRFRuAFlWMtmgUWGe9UOG2Z25NqCwiIjRhOf5iKGuzSe5P2w1laq+FkRy4p+PCuVkJSGkzTEKVw=="
        }
    },
    "dependencies": {
        "@angular/common": {
            "version": "20.3.7",
            "resolved": "https://registry.npmjs.org/@angular/common/-/common-20.3.7.tgz",
            "integrity": "sha512-uf8dXYTJbedk/wudkt2MfbtvN/T97aEZBtOTq8/IFQQZ3722rag6D+Cg76e5hBccROOn+ueGJX2gpxz02phTwA==",
            "peer": true,
            "requires": {
                "tslib": "^2.3.0"
            }
        },
        "@angular/core": {
            "version": "20.3.7",
            "resolved": "https://registry.npmjs.org/@angular/core/-/core-20.3.7.tgz",
            "integrity": "sha512-2UuYzC2A5SUtu33tYTN411Wk0WilA+2Uld/GP3O6mragw1O7v/M8pMFmbe9TR5Ah/abRJIocWGlNqeztZmQmrw==",
            "peer": true,
            "requires": {
                "tslib": "^2.3.0"
            }
        },
        "rxjs": {
            "version": "7.8.2",
            "resolved": "https://registry.npmjs.org/rxjs/-/rxjs-7.8.2.tgz",
            "integrity": "sha512-dhKf903U/PQZY6boNNtAGdWbG85WAbjT/1xYoZIC7FAY0yWapOBQVsVrDl58W86//e1VpMNBtRV4MaXfdMySFA==",
            "peer": true,
            "requires": {
                "tslib": "^2.1.0"
            }
        },
        "tslib": {
            "version": "2.3.1",
            "resolved": "https://registry.npmjs.org/tslib/-/tslib-2.3.1.tgz",
            "integrity": "sha512-77EbyPPpMz+FRFRuAFlWMtmgUWGe9UOG2Z25NqCwiIjRhOf5iKGuzSe5P2w1laq+FkRy4p+PCuVkJSGkzTEKVw=="
        }
    }
}
